
Microsoft Visual Studio Solution File, Format Version 12.00
# Visual Studio Version 17
VisualStudioVersion = 17.8.34525.116
MinimumVisualStudioVersion = 10.0.40219.1
Project("{FAE04EC0-301F-11D3-BF4B-00C04F79EFBC}") = "GroupProject", "GroupProject.csproj", "{59009A07-280F-4088-95B1-07D9B35FBD50}"
EndProject
Global
	GlobalSection(SolutionConfigurationPlatforms) = preSolution
		Debug|Any CPU = Debug|Any CPU
		Release|Any CPU = Release|Any CPU
	EndGlobalSection
	GlobalSection(ProjectConfigurationPlatforms) = postSolution
		{59009A07-280F-4088-95B1-07D9B35FBD50}.Debug|Any CPU.ActiveCfg = Debug|Any CPU
		{59009A07-280F-4088-95B1-07D9B35FBD50}.Debug|Any CPU.Build.0 = Debug|Any CPU
		{59009A07-280F-4088-95B1-07D9B35FBD50}.Release|Any CPU.ActiveCfg = Release|Any CPU
		{59009A07-280F-4088-95B1-07D9B35FBD50}.Release|Any CPU.Build.0 = Release|Any CPU
	EndGlobalSection
	GlobalSection(SolutionProperties) = preSolution
		HideSolutionNode = FALSE
	EndGlobalSection
	GlobalSection(ExtensibilityGlobals) = postSolution
		SolutionGuid = {CBE9E2EC-4D98-4F84-99D4-7751896BD09C}
	EndGlobalSection
EndGlobal
